
Microsoft Visual Studio Solution File, Format Version 12.00
# Visual Studio Version 16
VisualStudioVersion = 16.0.29322.22
MinimumVisualStudioVersion = 10.0.40219.1
Project("{9A19103F-16F7-4668-BE54-9A1E7A4F7556}") = "RSAKeyVaultProvider", "RSAKeyVaultProvider\RSAKeyVaultProvider.csproj", "{4111CF9C-02B7-412C-887A-6E751D7936BF}"
EndProject
Project("{9A19103F-16F7-4668-BE54-9A1E7A4F7556}") = "RSAKeyVaultProvider.Tests", "RSAKeyVaultProvider.Tests\RSAKeyVaultProvider.Tests.csproj", "{E47DB183-3AF5-460C-B107-D82C5A2656A3}"
EndProject
Project("{2150E333-8FDC-42A3-9474-1A3956D46DE8}") = "Solution Items", "Solution Items", "{9ECFD7DA-A446-4617-9E8F-B3440DA56E07}"
	ProjectSection(SolutionItems) = preProject
		.editorconfig = .editorconfig
		azure-pipelines.yml = azure-pipelines.yml
		README.md = README.md
		version.json = version.json
	EndProjectSection
EndProject
Global
	GlobalSection(SolutionConfigurationPlatforms) = preSolution
		Debug|Any CPU = Debug|Any CPU
		Release|Any CPU = Release|Any CPU
	EndGlobalSection
	GlobalSection(ProjectConfigurationPlatforms) = postSolution
		{4111CF9C-02B7-412C-887A-6E751D7936BF}.Debug|Any CPU.ActiveCfg = Debug|Any CPU
		{4111CF9C-02B7-412C-887A-6E751D7936BF}.Debug|Any CPU.Build.0 = Debug|Any CPU
		{4111CF9C-02B7-412C-887A-6E751D7936BF}.Release|Any CPU.ActiveCfg = Release|Any CPU
		{4111CF9C-02B7-412C-887A-6E751D7936BF}.Release|Any CPU.Build.0 = Release|Any CPU
		{E47DB183-3AF5-460C-B107-D82C5A2656A3}.Debug|Any CPU.ActiveCfg = Debug|Any CPU
		{E47DB183-3AF5-460C-B107-D82C5A2656A3}.Debug|Any CPU.Build.0 = Debug|Any CPU
		{E47DB183-3AF5-460C-B107-D82C5A2656A3}.Release|Any CPU.ActiveCfg = Release|Any CPU
		{E47DB183-3AF5-460C-B107-D82C5A2656A3}.Release|Any CPU.Build.0 = Release|Any CPU
	EndGlobalSection
	GlobalSection(SolutionProperties) = preSolution
		HideSolutionNode = FALSE
	EndGlobalSection
	GlobalSection(ExtensibilityGlobals) = postSolution
		SolutionGuid = {866BF897-9A6F-4970-B642-5D7E610C3443}
	EndGlobalSection
EndGlobal
